{
  "requires": true,
  "lockfileVersion": 1,
  "dependencies": {
    "vuelidate": {
      "version": "0.7.5",
      "resolved": "https://registry.npmjs.org/vuelidate/-/vuelidate-0.7.5.tgz",
      "integrity": "sha512-GAAG8QAFVp7BFeQlNaThpTbimq3+HypBPNwdkCkHZZeVaD5zmXXfhp357dcUJXHXTZjSln0PvP6wiwLZXkFTwg=="
    },
    "vuetify": {
      "version": "2.2.30",
      "resolved": "https://registry.npmjs.org/vuetify/-/vuetify-2.2.30.tgz",
      "integrity": "sha512-hCVzhXXBT91wqM+K8gBVmrHtiLMhk2EvkwpHNq5eHDJVbJYsUGPaUbMZHnmnvFnhegm6GyAnd9mu7pst2Mn1zQ=="
    }
  }
}
