# THIS IS AN AUTOGENERATED FILE. DO NOT EDIT THIS FILE DIRECTLY.
# yarn lockfile v1


vuelidate@^0.7.5:
  version "0.7.5"
  resolved "https://registry.yarnpkg.com/vuelidate/-/vuelidate-0.7.5.tgz#ff48c75ae9d24ea24c24e9ea08065eda0a0cba0a"
  integrity sha512-GAAG8QAFVp7BFeQlNaThpTbimq3+HypBPNwdkCkHZZeVaD5zmXXfhp357dcUJXHXTZjSln0PvP6wiwLZXkFTwg==
